Microsoft Visual Studio Solution File, Format Version 12.00
# Visual Studio Version 17
VisualStudioVersion = 17.5.2.0
MinimumVisualStudioVersion = 10.0.40219.1
Project("{2150E333-8FDC-42A3-9474-1A3956D46DE8}") = "eng", "eng", "{7525B257-249C-EE79-B10A-65D0BC27ABA9}"
EndProject
Project("{FAE04EC0-301F-11D3-BF4B-00C04F79EFBC}") = "EdFi.DataStandard", "eng\packaging\EdFi.DataStandard.csproj", "{1680D031-11DF-A238-BCBB-7B8BAEFAF0C8}"
EndProject
Global
	GlobalSection(SolutionConfigurationPlatforms) = preSolution
		Debug|Any CPU = Debug|Any CPU
		Release|Any CPU = Release|Any CPU
	EndGlobalSection
	GlobalSection(ProjectConfigurationPlatforms) = postSolution
		{1680D031-11DF-A238-BCBB-7B8BAEFAF0C8}.Debug|Any CPU.ActiveCfg = Debug|Any CPU
		{1680D031-11DF-A238-BCBB-7B8BAEFAF0C8}.Debug|Any CPU.Build.0 = Debug|Any CPU
		{1680D031-11DF-A238-BCBB-7B8BAEFAF0C8}.Release|Any CPU.ActiveCfg = Release|Any CPU
		{1680D031-11DF-A238-BCBB-7B8BAEFAF0C8}.Release|Any CPU.Build.0 = Release|Any CPU
	EndGlobalSection
	GlobalSection(SolutionProperties) = preSolution
		HideSolutionNode = FALSE
	EndGlobalSection
	GlobalSection(NestedProjects) = preSolution
		{1680D031-11DF-A238-BCBB-7B8BAEFAF0C8} = {7525B257-249C-EE79-B10A-65D0BC27ABA9}
	EndGlobalSection
	GlobalSection(ExtensibilityGlobals) = postSolution
		SolutionGuid = {F9DA5747-C798-45AF-A1A0-9DE9362EA859}
	EndGlobalSection
EndGlobal
